
Microsoft Visual Studio Solution File, Format Version 12.00
# Visual Studio Version 16
VisualStudioVersion = 16.0.33801.447
MinimumVisualStudioVersion = 10.0.40219.1
Project("{FAE04EC0-301F-11D3-BF4B-00C04F79EFBC}") = "Agenda", "Agenda\Agenda.csproj", "{2AFFB66E-DAD6-4351-BEFA-EFA45F37E3CD}"
EndProject
Global
	GlobalSection(SolutionConfigurationPlatforms) = preSolution
		Debug|Any CPU = Debug|Any CPU
		Release|Any CPU = Release|Any CPU
	EndGlobalSection
	GlobalSection(ProjectConfigurationPlatforms) = postSolution
		{2AFFB66E-DAD6-4351-BEFA-EFA45F37E3CD}.Debug|Any CPU.ActiveCfg = Debug|Any CPU
		{2AFFB66E-DAD6-4351-BEFA-EFA45F37E3CD}.Debug|Any CPU.Build.0 = Debug|Any CPU
		{2AFFB66E-DAD6-4351-BEFA-EFA45F37E3CD}.Release|Any CPU.ActiveCfg = Release|Any CPU
		{2AFFB66E-DAD6-4351-BEFA-EFA45F37E3CD}.Release|Any CPU.Build.0 = Release|Any CPU
	EndGlobalSection
	GlobalSection(SolutionProperties) = preSolution
		HideSolutionNode = FALSE
	EndGlobalSection
	GlobalSection(ExtensibilityGlobals) = postSolution
		SolutionGuid = {572DF5C2-B956-4078-8018-81BD120A0B31}
	EndGlobalSection
EndGlobal
